
Microsoft Visual Studio Solution File, Format Version 12.00
# Visual Studio Version 17
VisualStudioVersion = 17.14.36623.8 d17.14
MinimumVisualStudioVersion = 10.0.40219.1
Project("{FAE04EC0-301F-11D3-BF4B-00C04F79EFBC}") = "testwebapp", "testwebapp\testwebapp.csproj", "{F84CE1AC-F8B0-4AEA-B6DB-FCE3C9B24977}"
EndProject
Global
	GlobalSection(SolutionConfigurationPlatforms) = preSolution
		Debug|Any CPU = Debug|Any CPU
		Release|Any CPU = Release|Any CPU
	EndGlobalSection
	GlobalSection(ProjectConfigurationPlatforms) = postSolution
		{F84CE1AC-F8B0-4AEA-B6DB-FCE3C9B24977}.Debug|Any CPU.ActiveCfg = Debug|Any CPU
		{F84CE1AC-F8B0-4AEA-B6DB-FCE3C9B24977}.Debug|Any CPU.Build.0 = Debug|Any CPU
		{F84CE1AC-F8B0-4AEA-B6DB-FCE3C9B24977}.Release|Any CPU.ActiveCfg = Release|Any CPU
		{F84CE1AC-F8B0-4AEA-B6DB-FCE3C9B24977}.Release|Any CPU.Build.0 = Release|Any CPU
	EndGlobalSection
	GlobalSection(SolutionProperties) = preSolution
		HideSolutionNode = FALSE
	EndGlobalSection
	GlobalSection(ExtensibilityGlobals) = postSolution
		SolutionGuid = {D38F5682-5B7D-493E-A990-AF1406E6D286}
	EndGlobalSection
EndGlobal
